
Microsoft Visual Studio Solution File, Format Version 12.00
# Visual Studio Version 17
VisualStudioVersion = 17.7.34202.233
MinimumVisualStudioVersion = 10.0.40219.1
Project("{FAE04EC0-301F-11D3-BF4B-00C04F79EFBC}") = "PSI_Veyrie_Dufourmantelle", "PSI_Veyrie_Dufourmantelle.csproj", "{EE1F0058-3499-404E-8872-B6B4C3E67C4F}"
EndProject
Global
	GlobalSection(SolutionConfigurationPlatforms) = preSolution
		Debug|Any CPU = Debug|Any CPU
		Release|Any CPU = Release|Any CPU
	EndGlobalSection
	GlobalSection(ProjectConfigurationPlatforms) = postSolution
		{EE1F0058-3499-404E-8872-B6B4C3E67C4F}.Debug|Any CPU.ActiveCfg = Debug|Any CPU
		{EE1F0058-3499-404E-8872-B6B4C3E67C4F}.Debug|Any CPU.Build.0 = Debug|Any CPU
		{EE1F0058-3499-404E-8872-B6B4C3E67C4F}.Release|Any CPU.ActiveCfg = Release|Any CPU
		{EE1F0058-3499-404E-8872-B6B4C3E67C4F}.Release|Any CPU.Build.0 = Release|Any CPU
	EndGlobalSection
	GlobalSection(SolutionProperties) = preSolution
		HideSolutionNode = FALSE
	EndGlobalSection
	GlobalSection(ExtensibilityGlobals) = postSolution
		SolutionGuid = {8EA5F762-BBD0-4108-B650-E4A8999FE85E}
	EndGlobalSection
EndGlobal
